PODS:
  - CocoaAsyncSocket (7.6.4)
  - CocoaMQTT (1.2.5):
    - CocoaAsyncSocket (~> 7.6.3)
  - CryptoSwift (1.3.2)
  - Eureka (5.2.1)
  - MobpayiOS (0.2.4):
    - CocoaMQTT (~> 1.2)
    - CryptoSwift (~> 1.0)
    - PercentEncoder (~> 1.2)
    - SwiftyRSA (~> 1.5)
  - PercentEncoder (1.2.1)
  - SwiftyRSA (1.5.0):
    - SwiftyRSA/ObjC (= 1.5.0)
  - SwiftyRSA/ObjC (1.5.0)

DEPENDENCIES:
  - Eureka (from `https://github.com/xmartlabs/Eureka.git`, branch `xcode12`)
  - MobpayiOS (from `https://github.com/interswitch-kenya-limited/mobpay-ios-lib.git`, branch `master`)

SPEC REPOS:
  trunk:
    - CocoaAsyncSocket
    - CocoaMQTT
    - CryptoSwift
    - PercentEncoder
    - SwiftyRSA

EXTERNAL SOURCES:
  Eureka:
    :branch: xcode12
    :git: https://github.com/xmartlabs/Eureka.git
  MobpayiOS:
    :branch: master
    :git: https://github.com/interswitch-kenya-limited/mobpay-ios-lib.git

CHECKOUT OPTIONS:
  Eureka:
    :commit: 5c54e2607632ce586010e50e91d9adcb6bb3909e
    :git: https://github.com/xmartlabs/Eureka.git
  MobpayiOS:
    :commit: 222570c187b80ffa39356a3372a41ba2cafc5139
    :git: https://github.com/interswitch-kenya-limited/mobpay-ios-lib.git

SPEC CHECKSUMS:
  CocoaAsyncSocket: 694058e7c0ed05a9e217d1b3c7ded962f4180845
  CocoaMQTT: a61490ed3b328011c5d75169a77781983e2bb221
  CryptoSwift: 093499be1a94b0cae36e6c26b70870668cb56060
  Eureka: c883105488e05bc65539f583246ecf9657cabbfe
  MobpayiOS: f424fba7b76a36bd70f234e0083dadace13d7107
  PercentEncoder: 40a4d727ebeda2a6ec77bf34fa620cc4b5845488
  SwiftyRSA: 6e528fb1b1a87d5111c48081083b141d6d65f1cf

PODFILE CHECKSUM: 2b40b9b718048adcb801d2f054805ff7cff04b62

COCOAPODS: 1.10.0
